
Microsoft Visual Studio Solution File, Format Version 12.00
# Visual Studio Version 17
VisualStudioVersion = 17.0.31903.59
MinimumVisualStudioVersion = 10.0.40219.1
Project("{2150E333-8FDC-42A3-9474-1A3956D46DE8}") = "src", "src", "{8B62E8D2-FC4A-4396-A2AC-A1D733230B2A}"
EndProject
Project("{2150E333-8FDC-42A3-9474-1A3956D46DE8}") = "AuthService", "AuthService", "{317E5CFA-D409-432F-8F53-522274BFD75C}"
EndProject
Project("{FAE04EC0-301F-11D3-BF4B-00C04F79EFBC}") = "AuthService.API", "src\AuthService\AuthService.API\AuthService.API.csproj", "{59ED8716-3A10-4A4E-B477-84FE8E53F5B5}"
EndProject
Project("{FAE04EC0-301F-11D3-BF4B-00C04F79EFBC}") = "AuthService.Application", "src\AuthService\AuthService.Application\AuthService.Application.csproj", "{680DB463-AEE5-4DF5-B7F3-AF05903476CD}"
EndProject
Project("{FAE04EC0-301F-11D3-BF4B-00C04F79EFBC}") = "AuthService.Domain", "src\AuthService\AuthService.Domain\AuthService.Domain.csproj", "{77CE7D5D-FA35-4F0F-9EFC-BC2846939CFE}"
EndProject
Project("{FAE04EC0-301F-11D3-BF4B-00C04F79EFBC}") = "AuthService.Infrastructure", "src\AuthService\AuthService.Infrastructure\AuthService.Infrastructure.csproj", "{BA38DC89-1689-4CC7-BAA6-01500267E6DC}"
EndProject
Project("{2150E333-8FDC-42A3-9474-1A3956D46DE8}") = "ProductService", "ProductService", "{94190DD9-526B-4E6A-90C2-DF9CE82FCF12}"
EndProject
Project("{FAE04EC0-301F-11D3-BF4B-00C04F79EFBC}") = "ProductService.API", "src\ProductService\ProductService.API\ProductService.API.csproj", "{7211CA67-9D90-462A-9F21-C2F1A0E724D8}"
EndProject
Project("{FAE04EC0-301F-11D3-BF4B-00C04F79EFBC}") = "ProductService.Application", "src\ProductService\ProductService.Application\ProductService.Application.csproj", "{86F10B61-1C3D-40AC-9CEB-AB115A4282CC}"
EndProject
Project("{FAE04EC0-301F-11D3-BF4B-00C04F79EFBC}") = "ProductService.Domain", "src\ProductService\ProductService.Domain\ProductService.Domain.csproj", "{575A21AC-2519-4655-8A63-D7FC284AED99}"
EndProject
Project("{FAE04EC0-301F-11D3-BF4B-00C04F79EFBC}") = "ProductService.Infrastructure", "src\ProductService\ProductService.Infrastructure\ProductService.Infrastructure.csproj", "{16BA5F24-C4C0-4C62-9896-63F07BF437CE}"
EndProject
Project("{2150E333-8FDC-42A3-9474-1A3956D46DE8}") = "Shared", "Shared", "{9074664A-2EDE-48D5-9D51-2DCBBBA35D77}"
EndProject
Project("{FAE04EC0-301F-11D3-BF4B-00C04F79EFBC}") = "Shared", "src\Shared\Shared.csproj", "{DAE54721-C01D-41A3-B092-AC314D5CC855}"
EndProject
Project("{FAE04EC0-301F-11D3-BF4B-00C04F79EFBC}") = "Gateway.API", "src\Gateway\Gateway.API\Gateway.API.csproj", "{7D762610-5DD4-B8D8-2880-79C0999E69CE}"
EndProject
Global
	GlobalSection(SolutionConfigurationPlatforms) = preSolution
		Debug|Any CPU = Debug|Any CPU
		Release|Any CPU = Release|Any CPU
	EndGlobalSection
	GlobalSection(ProjectConfigurationPlatforms) = postSolution
		{59ED8716-3A10-4A4E-B477-84FE8E53F5B5}.Debug|Any CPU.ActiveCfg = Debug|Any CPU
		{59ED8716-3A10-4A4E-B477-84FE8E53F5B5}.Debug|Any CPU.Build.0 = Debug|Any CPU
		{59ED8716-3A10-4A4E-B477-84FE8E53F5B5}.Release|Any CPU.ActiveCfg = Release|Any CPU
		{59ED8716-3A10-4A4E-B477-84FE8E53F5B5}.Release|Any CPU.Build.0 = Release|Any CPU
		{680DB463-AEE5-4DF5-B7F3-AF05903476CD}.Debug|Any CPU.ActiveCfg = Debug|Any CPU
		{680DB463-AEE5-4DF5-B7F3-AF05903476CD}.Debug|Any CPU.Build.0 = Debug|Any CPU
		{680DB463-AEE5-4DF5-B7F3-AF05903476CD}.Release|Any CPU.ActiveCfg = Release|Any CPU
		{680DB463-AEE5-4DF5-B7F3-AF05903476CD}.Release|Any CPU.Build.0 = Release|Any CPU
		{77CE7D5D-FA35-4F0F-9EFC-BC2846939CFE}.Debug|Any CPU.ActiveCfg = Debug|Any CPU
		{77CE7D5D-FA35-4F0F-9EFC-BC2846939CFE}.Debug|Any CPU.Build.0 = Debug|Any CPU
		{77CE7D5D-FA35-4F0F-9EFC-BC2846939CFE}.Release|Any CPU.ActiveCfg = Release|Any CPU
		{77CE7D5D-FA35-4F0F-9EFC-BC2846939CFE}.Release|Any CPU.Build.0 = Release|Any CPU
		{BA38DC89-1689-4CC7-BAA6-01500267E6DC}.Debug|Any CPU.ActiveCfg = Debug|Any CPU
		{BA38DC89-1689-4CC7-BAA6-01500267E6DC}.Debug|Any CPU.Build.0 = Debug|Any CPU
		{BA38DC89-1689-4CC7-BAA6-01500267E6DC}.Release|Any CPU.ActiveCfg = Release|Any CPU
		{BA38DC89-1689-4CC7-BAA6-01500267E6DC}.Release|Any CPU.Build.0 = Release|Any CPU
		{7211CA67-9D90-462A-9F21-C2F1A0E724D8}.Debug|Any CPU.ActiveCfg = Debug|Any CPU
		{7211CA67-9D90-462A-9F21-C2F1A0E724D8}.Debug|Any CPU.Build.0 = Debug|Any CPU
		{7211CA67-9D90-462A-9F21-C2F1A0E724D8}.Release|Any CPU.ActiveCfg = Release|Any CPU
		{7211CA67-9D90-462A-9F21-C2F1A0E724D8}.Release|Any CPU.Build.0 = Release|Any CPU
		{86F10B61-1C3D-40AC-9CEB-AB115A4282CC}.Debug|Any CPU.ActiveCfg = Debug|Any CPU
		{86F10B61-1C3D-40AC-9CEB-AB115A4282CC}.Debug|Any CPU.Build.0 = Debug|Any CPU
		{86F10B61-1C3D-40AC-9CEB-AB115A4282CC}.Release|Any CPU.ActiveCfg = Release|Any CPU
		{86F10B61-1C3D-40AC-9CEB-AB115A4282CC}.Release|Any CPU.Build.0 = Release|Any CPU
		{575A21AC-2519-4655-8A63-D7FC284AED99}.Debug|Any CPU.ActiveCfg = Debug|Any CPU
		{575A21AC-2519-4655-8A63-D7FC284AED99}.Debug|Any CPU.Build.0 = Debug|Any CPU
		{575A21AC-2519-4655-8A63-D7FC284AED99}.Release|Any CPU.ActiveCfg = Release|Any CPU
		{575A21AC-2519-4655-8A63-D7FC284AED99}.Release|Any CPU.Build.0 = Release|Any CPU
		{16BA5F24-C4C0-4C62-9896-63F07BF437CE}.Debug|Any CPU.ActiveCfg = Debug|Any CPU
		{16BA5F24-C4C0-4C62-9896-63F07BF437CE}.Debug|Any CPU.Build.0 = Debug|Any CPU
		{16BA5F24-C4C0-4C62-9896-63F07BF437CE}.Release|Any CPU.ActiveCfg = Release|Any CPU
		{16BA5F24-C4C0-4C62-9896-63F07BF437CE}.Release|Any CPU.Build.0 = Release|Any CPU
		{DAE54721-C01D-41A3-B092-AC314D5CC855}.Debug|Any CPU.ActiveCfg = Debug|Any CPU
		{DAE54721-C01D-41A3-B092-AC314D5CC855}.Debug|Any CPU.Build.0 = Debug|Any CPU
		{DAE54721-C01D-41A3-B092-AC314D5CC855}.Release|Any CPU.ActiveCfg = Release|Any CPU
		{DAE54721-C01D-41A3-B092-AC314D5CC855}.Release|Any CPU.Build.0 = Release|Any CPU
		{7D762610-5DD4-B8D8-2880-79C0999E69CE}.Debug|Any CPU.ActiveCfg = Debug|Any CPU
		{7D762610-5DD4-B8D8-2880-79C0999E69CE}.Debug|Any CPU.Build.0 = Debug|Any CPU
		{7D762610-5DD4-B8D8-2880-79C0999E69CE}.Release|Any CPU.ActiveCfg = Release|Any CPU
		{7D762610-5DD4-B8D8-2880-79C0999E69CE}.Release|Any CPU.Build.0 = Release|Any CPU
	EndGlobalSection
	GlobalSection(SolutionProperties) = preSolution
		HideSolutionNode = FALSE
	EndGlobalSection
	GlobalSection(NestedProjects) = preSolution
		{317E5CFA-D409-432F-8F53-522274BFD75C} = {8B62E8D2-FC4A-4396-A2AC-A1D733230B2A}
		{59ED8716-3A10-4A4E-B477-84FE8E53F5B5} = {317E5CFA-D409-432F-8F53-522274BFD75C}
		{680DB463-AEE5-4DF5-B7F3-AF05903476CD} = {317E5CFA-D409-432F-8F53-522274BFD75C}
		{77CE7D5D-FA35-4F0F-9EFC-BC2846939CFE} = {317E5CFA-D409-432F-8F53-522274BFD75C}
		{BA38DC89-1689-4CC7-BAA6-01500267E6DC} = {317E5CFA-D409-432F-8F53-522274BFD75C}
		{94190DD9-526B-4E6A-90C2-DF9CE82FCF12} = {8B62E8D2-FC4A-4396-A2AC-A1D733230B2A}
		{7211CA67-9D90-462A-9F21-C2F1A0E724D8} = {94190DD9-526B-4E6A-90C2-DF9CE82FCF12}
		{86F10B61-1C3D-40AC-9CEB-AB115A4282CC} = {94190DD9-526B-4E6A-90C2-DF9CE82FCF12}
		{575A21AC-2519-4655-8A63-D7FC284AED99} = {94190DD9-526B-4E6A-90C2-DF9CE82FCF12}
		{16BA5F24-C4C0-4C62-9896-63F07BF437CE} = {94190DD9-526B-4E6A-90C2-DF9CE82FCF12}
		{9074664A-2EDE-48D5-9D51-2DCBBBA35D77} = {8B62E8D2-FC4A-4396-A2AC-A1D733230B2A}
		{DAE54721-C01D-41A3-B092-AC314D5CC855} = {9074664A-2EDE-48D5-9D51-2DCBBBA35D77}
		{7D762610-5DD4-B8D8-2880-79C0999E69CE} = {8B62E8D2-FC4A-4396-A2AC-A1D733230B2A}
	EndGlobalSection
EndGlobal
